
Microsoft Visual Studio Solution File, Format Version 12.00
# Visual Studio Version 16
VisualStudioVersion = 16.0.28917.181
MinimumVisualStudioVersion = 10.0.40219.1
Project("{FAE04EC0-301F-11D3-BF4B-00C04F79EFBC}") = "TeaBagMarker", "TeaBagMarker\TeaBagMarker.csproj", "{2D86DB07-3643-4C3C-92B3-30800E4B1EEE}"
EndProject
Global
	GlobalSection(SolutionConfigurationPlatforms) = preSolution
		Debug|Any CPU = Debug|Any CPU
		Release|Any CPU = Release|Any CPU
	EndGlobalSection
	GlobalSection(ProjectConfigurationPlatforms) = postSolution
		{2D86DB07-3643-4C3C-92B3-30800E4B1EEE}.Debug|Any CPU.ActiveCfg = Debug|Any CPU
		{2D86DB07-3643-4C3C-92B3-30800E4B1EEE}.Debug|Any CPU.Build.0 = Debug|Any CPU
		{2D86DB07-3643-4C3C-92B3-30800E4B1EEE}.Release|Any CPU.ActiveCfg = Release|Any CPU
		{2D86DB07-3643-4C3C-92B3-30800E4B1EEE}.Release|Any CPU.Build.0 = Release|Any CPU
	EndGlobalSection
	GlobalSection(SolutionProperties) = preSolution
		HideSolutionNode = FALSE
	EndGlobalSection
	GlobalSection(ExtensibilityGlobals) = postSolution
		SolutionGuid = {1DE36E2B-1DC2-49CC-869F-4857A0003E06}
	EndGlobalSection
EndGlobal
